
Microsoft Visual Studio Solution File, Format Version 12.00
# Visual Studio Version 16
VisualStudioVersion = 16.0.31515.178
MinimumVisualStudioVersion = 10.0.40219.1
Project("{FAE04EC0-301F-11D3-BF4B-00C04F79EFBC}") = "MorningRoutine", "MorningRoutine\MorningRoutine.csproj", "{0326241A-A501-4966-8D09-ECE12FA72F5A}"
EndProject
Global
	GlobalSection(SolutionConfigurationPlatforms) = preSolution
		Debug|Any CPU = Debug|Any CPU
		Release|Any CPU = Release|Any CPU
	EndGlobalSection
	GlobalSection(ProjectConfigurationPlatforms) = postSolution
		{0326241A-A501-4966-8D09-ECE12FA72F5A}.Debug|Any CPU.ActiveCfg = Debug|Any CPU
		{0326241A-A501-4966-8D09-ECE12FA72F5A}.Debug|Any CPU.Build.0 = Debug|Any CPU
		{0326241A-A501-4966-8D09-ECE12FA72F5A}.Release|Any CPU.ActiveCfg = Release|Any CPU
		{0326241A-A501-4966-8D09-ECE12FA72F5A}.Release|Any CPU.Build.0 = Release|Any CPU
	EndGlobalSection
	GlobalSection(SolutionProperties) = preSolution
		HideSolutionNode = FALSE
	EndGlobalSection
	GlobalSection(ExtensibilityGlobals) = postSolution
		SolutionGuid = {64092CD6-B83B-4E6E-821C-7465D14113B9}
	EndGlobalSection
EndGlobal
